{
  "pins" : [
    {
      "identity" : "alamofire",
      "kind" : "remoteSourceControl",
      "location" : "https://github.com/Alamofire/Alamofire.git",
      "state" : {
        "revision" : "f96b619bcb2383b43d898402283924b80e2c4bae",
        "version" : "5.4.3"
      }
    },
    {
      "identity" : "spacer-sdk-ios",
      "kind" : "remoteSourceControl",
      "location" : "https://github.com/spacer-dev/spacer-sdk-ios.git",
      "state" : {
        "branch" : "a-sw/a-sw-dev",
        "revision" : "88838ac69f41ebe88ab22e9a7bc43dc03e4b595c"
      }
    }
  ],
  "version" : 2
}
